
Microsoft Visual Studio Solution File, Format Version 12.00
# Visual Studio Version 17
VisualStudioVersion = 17.6.33815.320
MinimumVisualStudioVersion = 10.0.40219.1
Project("{FAE04EC0-301F-11D3-BF4B-00C04F79EFBC}") = "Selection Sort", "Selection Sort\Selection Sort.csproj", "{D30729AB-F8D2-4D0B-9CA1-ADAFFA19535F}"
EndProject
Global
	GlobalSection(SolutionConfigurationPlatforms) = preSolution
		Debug|Any CPU = Debug|Any CPU
		Release|Any CPU = Release|Any CPU
	EndGlobalSection
	GlobalSection(ProjectConfigurationPlatforms) = postSolution
		{D30729AB-F8D2-4D0B-9CA1-ADAFFA19535F}.Debug|Any CPU.ActiveCfg = Debug|Any CPU
		{D30729AB-F8D2-4D0B-9CA1-ADAFFA19535F}.Debug|Any CPU.Build.0 = Debug|Any CPU
		{D30729AB-F8D2-4D0B-9CA1-ADAFFA19535F}.Release|Any CPU.ActiveCfg = Release|Any CPU
		{D30729AB-F8D2-4D0B-9CA1-ADAFFA19535F}.Release|Any CPU.Build.0 = Release|Any CPU
	EndGlobalSection
	GlobalSection(SolutionProperties) = preSolution
		HideSolutionNode = FALSE
	EndGlobalSection
	GlobalSection(ExtensibilityGlobals) = postSolution
		SolutionGuid = {836D3424-3B14-4759-B08A-91814CD3D8F4}
	EndGlobalSection
EndGlobal
