
Microsoft Visual Studio Solution File, Format Version 12.00
# Visual Studio Version 17
VisualStudioVersion = 17.6.33815.320
MinimumVisualStudioVersion = 10.0.40219.1
Project("{FAE04EC0-301F-11D3-BF4B-00C04F79EFBC}") = "Singly Linked Lists", "Singly Linked Lists\Singly Linked Lists.csproj", "{FD0CE0F4-DAA7-46E6-A063-B01DCB8B224E}"
EndProject
Global
	GlobalSection(SolutionConfigurationPlatforms) = preSolution
		Debug|Any CPU = Debug|Any CPU
		Release|Any CPU = Release|Any CPU
	EndGlobalSection
	GlobalSection(ProjectConfigurationPlatforms) = postSolution
		{FD0CE0F4-DAA7-46E6-A063-B01DCB8B224E}.Debug|Any CPU.ActiveCfg = Debug|Any CPU
		{FD0CE0F4-DAA7-46E6-A063-B01DCB8B224E}.Debug|Any CPU.Build.0 = Debug|Any CPU
		{FD0CE0F4-DAA7-46E6-A063-B01DCB8B224E}.Release|Any CPU.ActiveCfg = Release|Any CPU
		{FD0CE0F4-DAA7-46E6-A063-B01DCB8B224E}.Release|Any CPU.Build.0 = Release|Any CPU
	EndGlobalSection
	GlobalSection(SolutionProperties) = preSolution
		HideSolutionNode = FALSE
	EndGlobalSection
	GlobalSection(ExtensibilityGlobals) = postSolution
		SolutionGuid = {B918E0F9-636F-43CA-B7CB-FD68034B1E36}
	EndGlobalSection
EndGlobal
